
Microsoft Visual Studio Solution File, Format Version 12.00
# Visual Studio Version 17
VisualStudioVersion = 17.7.34031.279
MinimumVisualStudioVersion = 10.0.40219.1
Project("{8BC9CEB8-8B4A-11D0-8D11-00A0C91BC942}") = "lab_6.1", "lab_6.1\lab_6.1.vcxproj", "{5612AE1D-3C6D-44E5-B44E-0EAA054125BB}"
EndProject
Project("{8BC9CEB8-8B4A-11D0-8D11-00A0C91BC942}") = "lab 6.1 ut", "lab 6.1 ut\lab 6.1 ut.vcxproj", "{AA9F0875-5546-420E-8C29-11B5E59B704C}"
EndProject
Global
	GlobalSection(SolutionConfigurationPlatforms) = preSolution
		Debug|x64 = Debug|x64
		Debug|x86 = Debug|x86
		Release|x64 = Release|x64
		Release|x86 = Release|x86
	EndGlobalSection
	GlobalSection(ProjectConfigurationPlatforms) = postSolution
		{5612AE1D-3C6D-44E5-B44E-0EAA054125BB}.Debug|x64.ActiveCfg = Debug|x64
		{5612AE1D-3C6D-44E5-B44E-0EAA054125BB}.Debug|x64.Build.0 = Debug|x64
		{5612AE1D-3C6D-44E5-B44E-0EAA054125BB}.Debug|x86.ActiveCfg = Debug|Win32
		{5612AE1D-3C6D-44E5-B44E-0EAA054125BB}.Debug|x86.Build.0 = Debug|Win32
		{5612AE1D-3C6D-44E5-B44E-0EAA054125BB}.Release|x64.ActiveCfg = Release|x64
		{5612AE1D-3C6D-44E5-B44E-0EAA054125BB}.Release|x64.Build.0 = Release|x64
		{5612AE1D-3C6D-44E5-B44E-0EAA054125BB}.Release|x86.ActiveCfg = Release|Win32
		{5612AE1D-3C6D-44E5-B44E-0EAA054125BB}.Release|x86.Build.0 = Release|Win32
		{AA9F0875-5546-420E-8C29-11B5E59B704C}.Debug|x64.ActiveCfg = Debug|x64
		{AA9F0875-5546-420E-8C29-11B5E59B704C}.Debug|x64.Build.0 = Debug|x64
		{AA9F0875-5546-420E-8C29-11B5E59B704C}.Debug|x86.ActiveCfg = Debug|Win32
		{AA9F0875-5546-420E-8C29-11B5E59B704C}.Debug|x86.Build.0 = Debug|Win32
		{AA9F0875-5546-420E-8C29-11B5E59B704C}.Release|x64.ActiveCfg = Release|x64
		{AA9F0875-5546-420E-8C29-11B5E59B704C}.Release|x64.Build.0 = Release|x64
		{AA9F0875-5546-420E-8C29-11B5E59B704C}.Release|x86.ActiveCfg = Release|Win32
		{AA9F0875-5546-420E-8C29-11B5E59B704C}.Release|x86.Build.0 = Release|Win32
	EndGlobalSection
	GlobalSection(SolutionProperties) = preSolution
		HideSolutionNode = FALSE
	EndGlobalSection
	GlobalSection(ExtensibilityGlobals) = postSolution
		SolutionGuid = {2028D53C-0382-4EBE-A40A-F0558598894B}
	EndGlobalSection
EndGlobal
